PODS:
  - Bolts (1.2.0):
    - Bolts/AppLinks (= 1.2.0)
    - Bolts/Tasks (= 1.2.0)
  - Bolts/AppLinks (1.2.0):
    - Bolts/Tasks
  - Bolts/Tasks (1.2.0)
  - Bond (3.9.0)
  - FBSDKCoreKit (4.4.0):
    - Bolts (~> 1.1)
    - FBSDKCoreKit/arc (= 4.4.0)
    - FBSDKCoreKit/no-arc (= 4.4.0)
  - FBSDKCoreKit/arc (4.4.0):
    - Bolts (~> 1.1)
  - FBSDKCoreKit/no-arc (4.4.0):
    - Bolts (~> 1.1)
    - FBSDKCoreKit/arc
  - FBSDKLoginKit (4.4.0):
    - FBSDKCoreKit
  - Parse (1.7.5.3):
    - Bolts/Tasks (>= 1.2.0)
  - ParseFacebookUtilsV4 (1.7.5.3):
    - Bolts/Tasks (>= 1.2.0)
    - FBSDKCoreKit (~> 4.0)
    - FBSDKLoginKit (~> 4.0)
    - Parse (~> 1.7.5.3)
  - ParseUI (1.1.4):
    - Parse (~> 1.7)
  - SinchRTC (3.5.2)

DEPENDENCIES:
  - Bond
  - FBSDKCoreKit
  - Parse
  - ParseFacebookUtilsV4
  - ParseUI
  - SinchRTC

SPEC CHECKSUMS:
  Bolts: d176cb1e0012175589e389a9db49b85e27787576
  Bond: 994ccc56aebfe2707d7b5e76f6d665a5beefa45b
  FBSDKCoreKit: 75bdd75c980e811db218488d99dd93b7740f4474
  FBSDKLoginKit: 02a9254a4c132412fa03577b0d53e936d068a7fb
  Parse: 373adbb1ad2e34d383542c3b28f678c49ebe4881
  ParseFacebookUtilsV4: ea5db22e87b91cbf99b9d156642e2b97a4db7d51
  ParseUI: d1228541b02a36a7354c8f47747f5f7a89cf1ff0
  SinchRTC: b5de8c84210666db5cbac256ff77953905364175

COCOAPODS: 0.38.0
